Microsoft Visual Studio Solution File, Format Version 12.00
# Visual Studio 15
VisualStudioVersion = 15.0.27130.2027
MinimumVisualStudioVersion = 10.0.40219.1
Project("{FAE04EC0-301F-11D3-BF4B-00C04F79EFBC}") = "SharpCraft_Client", "SharpCraft\SharpCraft_Client.csproj", "{503E5225-3B2F-4BE4-AE72-73F02076719F}"
EndProject
Project("{FAE04EC0-301F-11D3-BF4B-00C04F79EFBC}") = "SharpCraft_Server", "SharpCraft_Server\SharpCraft_Server.csproj", "{7C0831FA-6214-422B-9EA3-5DF74FF0AFB3}"
EndProject
Global
	GlobalSection(SolutionConfigurationPlatforms) = preSolution
		Debug|Any CPU = Debug|Any CPU
		Debug|x86 = Debug|x86
		Release|Any CPU = Release|Any CPU
		Release|x86 = Release|x86
	EndGlobalSection
	GlobalSection(ProjectConfigurationPlatforms) = postSolution
		{503E5225-3B2F-4BE4-AE72-73F02076719F}.Debug|Any CPU.ActiveCfg = Debug|x86
		{503E5225-3B2F-4BE4-AE72-73F02076719F}.Debug|x86.ActiveCfg = Debug|x86
		{503E5225-3B2F-4BE4-AE72-73F02076719F}.Debug|x86.Build.0 = Debug|x86
		{503E5225-3B2F-4BE4-AE72-73F02076719F}.Release|Any CPU.ActiveCfg = Release|x86
		{503E5225-3B2F-4BE4-AE72-73F02076719F}.Release|x86.ActiveCfg = Release|x86
		{503E5225-3B2F-4BE4-AE72-73F02076719F}.Release|x86.Build.0 = Release|x86
		{7C0831FA-6214-422B-9EA3-5DF74FF0AFB3}.Debug|Any CPU.ActiveCfg = Debug|Any CPU
		{7C0831FA-6214-422B-9EA3-5DF74FF0AFB3}.Debug|Any CPU.Build.0 = Debug|Any CPU
		{7C0831FA-6214-422B-9EA3-5DF74FF0AFB3}.Debug|x86.ActiveCfg = Debug|Any CPU
		{7C0831FA-6214-422B-9EA3-5DF74FF0AFB3}.Debug|x86.Build.0 = Debug|Any CPU
		{7C0831FA-6214-422B-9EA3-5DF74FF0AFB3}.Release|Any CPU.ActiveCfg = Release|Any CPU
		{7C0831FA-6214-422B-9EA3-5DF74FF0AFB3}.Release|Any CPU.Build.0 = Release|Any CPU
		{7C0831FA-6214-422B-9EA3-5DF74FF0AFB3}.Release|x86.ActiveCfg = Release|Any CPU
		{7C0831FA-6214-422B-9EA3-5DF74FF0AFB3}.Release|x86.Build.0 = Release|Any CPU
	EndGlobalSection
	GlobalSection(SolutionProperties) = preSolution
		HideSolutionNode = FALSE
	EndGlobalSection
	GlobalSection(ExtensibilityGlobals) = postSolution
		SolutionGuid = {1DFF693C-8B35-4F00-8995-CBB9DF338476}
	EndGlobalSection
EndGlobal
